
Microsoft Visual Studio Solution File, Format Version 12.00
# Visual Studio 15
VisualStudioVersion = 15.0.28307.329
MinimumVisualStudioVersion = 10.0.40219.1
Project("{FAE04EC0-301F-11D3-BF4B-00C04F79EFBC}") = "Task4", "Task4.csproj", "{0472A045-9A90-4E95-AD61-66332D3D6563}"
EndProject
Global
	GlobalSection(SolutionConfigurationPlatforms) = preSolution
		Debug|Any CPU = Debug|Any CPU
		Release|Any CPU = Release|Any CPU
	EndGlobalSection
	GlobalSection(ProjectConfigurationPlatforms) = postSolution
		{0472A045-9A90-4E95-AD61-66332D3D6563}.Debug|Any CPU.ActiveCfg = Debug|Any CPU
		{0472A045-9A90-4E95-AD61-66332D3D6563}.Debug|Any CPU.Build.0 = Debug|Any CPU
		{0472A045-9A90-4E95-AD61-66332D3D6563}.Release|Any CPU.ActiveCfg = Release|Any CPU
		{0472A045-9A90-4E95-AD61-66332D3D6563}.Release|Any CPU.Build.0 = Release|Any CPU
	EndGlobalSection
	GlobalSection(SolutionProperties) = preSolution
		HideSolutionNode = FALSE
	EndGlobalSection
	GlobalSection(ExtensibilityGlobals) = postSolution
		SolutionGuid = {F8EF0FDA-EE2A-4EF3-8EEA-38CA1A5F05B5}
	EndGlobalSection
EndGlobal
