
Microsoft Visual Studio Solution File, Format Version 12.00
# Visual Studio 15
VisualStudioVersion = 15.0.28307.329
MinimumVisualStudioVersion = 10.0.40219.1
Project("{FAE04EC0-301F-11D3-BF4B-00C04F79EFBC}") = "Task2", "Task2.csproj", "{6FAE13DA-6672-4D51-B545-85F8F5D78876}"
EndProject
Global
	GlobalSection(SolutionConfigurationPlatforms) = preSolution
		Debug|Any CPU = Debug|Any CPU
		Release|Any CPU = Release|Any CPU
	EndGlobalSection
	GlobalSection(ProjectConfigurationPlatforms) = postSolution
		{6FAE13DA-6672-4D51-B545-85F8F5D78876}.Debug|Any CPU.ActiveCfg = Debug|Any CPU
		{6FAE13DA-6672-4D51-B545-85F8F5D78876}.Debug|Any CPU.Build.0 = Debug|Any CPU
		{6FAE13DA-6672-4D51-B545-85F8F5D78876}.Release|Any CPU.ActiveCfg = Release|Any CPU
		{6FAE13DA-6672-4D51-B545-85F8F5D78876}.Release|Any CPU.Build.0 = Release|Any CPU
	EndGlobalSection
	GlobalSection(SolutionProperties) = preSolution
		HideSolutionNode = FALSE
	EndGlobalSection
	GlobalSection(ExtensibilityGlobals) = postSolution
		SolutionGuid = {CF7BD54D-51CF-4D6F-B01E-D977145CE48D}
	EndGlobalSection
EndGlobal
