
Microsoft Visual Studio Solution File, Format Version 12.00
# Visual Studio 15
VisualStudioVersion = 15.0.28307.329
MinimumVisualStudioVersion = 10.0.40219.1
Project("{FAE04EC0-301F-11D3-BF4B-00C04F79EFBC}") = "Task1", "Task1.csproj", "{3295E125-DFFC-4455-9E27-5FC19E02DF29}"
EndProject
Global
	GlobalSection(SolutionConfigurationPlatforms) = preSolution
		Debug|Any CPU = Debug|Any CPU
		Release|Any CPU = Release|Any CPU
	EndGlobalSection
	GlobalSection(ProjectConfigurationPlatforms) = postSolution
		{3295E125-DFFC-4455-9E27-5FC19E02DF29}.Debug|Any CPU.ActiveCfg = Debug|Any CPU
		{3295E125-DFFC-4455-9E27-5FC19E02DF29}.Debug|Any CPU.Build.0 = Debug|Any CPU
		{3295E125-DFFC-4455-9E27-5FC19E02DF29}.Release|Any CPU.ActiveCfg = Release|Any CPU
		{3295E125-DFFC-4455-9E27-5FC19E02DF29}.Release|Any CPU.Build.0 = Release|Any CPU
	EndGlobalSection
	GlobalSection(SolutionProperties) = preSolution
		HideSolutionNode = FALSE
	EndGlobalSection
	GlobalSection(ExtensibilityGlobals) = postSolution
		SolutionGuid = {DFD82680-BB4C-4CA9-BF52-F40F5AE9EE4B}
	EndGlobalSection
EndGlobal
